{
  "name": "github-stats-api",
  "lockfileVersion": 3,
  "requires": true,
  "packages": {
    "": {
      "dependencies": {
        "axios": "^1.4.0",
        "dotenv": "^16.3.1",
        "emoji-name-map": "^1.2.9",
        "github-username-regex": "^1.0.0",
        "logger-for-yc-functions": "^1.1.0",
        "word-wrap": "^1.2.3"
      }
    },
    "node_modules/asynckit": {
      "version": "0.4.0",
      "resolved": "https://registry.npmjs.org/asynckit/-/asynckit-0.4.0.tgz",
      "integrity": "sha512-Oei9OH4tRh0YqU3GxhX79dM/mwVgvbZJaSNaRk+bshkj0S5cfHcgYakreBjrHwatXKbz+IoIdYLxrKim2MjW0Q=="
    },
    "node_modules/axios": {
      "version": "1.4.0",
      "resolved": "https://registry.npmjs.org/axios/-/axios-1.4.0.tgz",
      "integrity": "sha512-S4XCWMEmzvo64T9GfvQDOXgYRDJ/wsSZc7Jvdgx5u1sd0JwsuPLqb3SYmusag+edF6ziyMensPVqLTSc1PiSEA==",
      "dependencies": {
        "follow-redirects": "^1.15.0",
        "form-data": "^4.0.0",
        "proxy-from-env": "^1.1.0"
      }
    },
    "node_modules/combined-stream": {
      "version": "1.0.8",
      "resolved": "https://registry.npmjs.org/combined-stream/-/combined-stream-1.0.8.tgz",
      "integrity": "sha512-FQN4MRfuJeHf7cBbBMJFXhKSDq+2kAArBlmRBvcvFE5BB1HZKXtSFASDhdlz9zOYwxh8lDdnvmMOe/+5cdoEdg==",
      "dependencies": {
        "delayed-stream": "~1.0.0"
      },
      "engines": {
        "node": ">= 0.8"
      }
    },
    "node_modules/delayed-stream": {
      "version": "1.0.0",
      "resolved": "https://registry.npmjs.org/delayed-stream/-/delayed-stream-1.0.0.tgz",
      "integrity": "sha512-ZySD7Nf91aLB0RxL4KGrKHBXl7Eds1DAmEdcoVawXnLD7SDhpNgtuII2aAkg7a7QS41jxPSZ17p4VdGnMHk3MQ==",
      "engines": {
        "node": ">=0.4.0"
      }
    },
    "node_modules/dotenv": {
      "version": "16.3.1",
      "resolved": "https://registry.npmjs.org/dotenv/-/dotenv-16.3.1.tgz",
      "integrity": "sha512-IPzF4w4/Rd94bA9imS68tZBaYyBWSCE47V1RGuMrB94iyTOIEwRmVL2x/4An+6mETpLrKJ5hQkB8W4kFAadeIQ==",
      "engines": {
        "node": ">=12"
      },
      "funding": {
        "url": "https://github.com/motdotla/dotenv?sponsor=1"
      }
    },
    "node_modules/emoji-name-map": {
      "version": "1.2.9",
      "resolved": "https://registry.npmjs.org/emoji-name-map/-/emoji-name-map-1.2.9.tgz",
      "integrity": "sha512-MSM8y6koSqh/2uEMI2VoKA+Ac0qL5RkgFGP/pzL6n5FOrOJ7FOZFxgs7+uNpqA+AT+WmdbMPXkd3HnFXXdz4AA==",
      "dependencies": {
        "emojilib": "^2.0.2",
        "iterate-object": "^1.3.1",
        "map-o": "^2.0.1"
      }
    },
    "node_modules/emojilib": {
      "version": "2.4.0",
      "resolved": "https://registry.npmjs.org/emojilib/-/emojilib-2.4.0.tgz",
      "integrity": "sha512-5U0rVMU5Y2n2+ykNLQqMoqklN9ICBT/KsvC1Gz6vqHbz2AXXGkG+Pm5rMWk/8Vjrr/mY9985Hi8DYzn1F09Nyw=="
    },
    "node_modules/follow-redirects": {
      "version": "1.15.2",
      "resolved": "https://registry.npmjs.org/follow-redirects/-/follow-redirects-1.15.2.tgz",
      "integrity": "sha512-VQLG33o04KaQ8uYi2tVNbdrWp1QWxNNea+nmIB4EVM28v0hmP17z7aG1+wAkNzVq4KeXTq3221ye5qTJP91JwA==",
      "funding": [
        {
          "type": "individual",
          "url": "https://github.com/sponsors/RubenVerborgh"
        }
      ],
      "engines": {
        "node": ">=4.0"
      },
      "peerDependenciesMeta": {
        "debug": {
          "optional": true
        }
      }
    },
    "node_modules/form-data": {
      "version": "4.0.0",
      "resolved": "https://registry.npmjs.org/form-data/-/form-data-4.0.0.tgz",
      "integrity": "sha512-ETEklSGi5t0QMZuiXoA/Q6vcnxcLQP5vdugSpuAyi6SVGi2clPPp+xgEhuMaHC+zGgn31Kd235W35f7Hykkaww==",
      "dependencies": {
        "asynckit": "^0.4.0",
        "combined-stream": "^1.0.8",
        "mime-types": "^2.1.12"
      },
      "engines": {
        "node": ">= 6"
      }
    },
    "node_modules/github-username-regex": {
      "version": "1.0.0",
      "resolved": "https://registry.npmjs.org/github-username-regex/-/github-username-regex-1.0.0.tgz",
      "integrity": "sha512-EqDVkN0/5MQyDPOSDLInVRRXdeISRfcN1UW/1FUqD2knV1HHw8DndMB3UPNn5lO51DvRnjzbLXwWqNNV86PLOw=="
    },
    "node_modules/iterate-object": {
      "version": "1.3.4",
      "resolved": "https://registry.npmjs.org/iterate-object/-/iterate-object-1.3.4.tgz",
      "integrity": "sha512-4dG1D1x/7g8PwHS9aK6QV5V94+ZvyP4+d19qDv43EzImmrndysIl4prmJ1hWWIGCqrZHyaHBm6BSEWHOLnpoNw=="
    },
    "node_modules/logger-for-yc-functions": {
      "version": "1.1.0",
      "resolved": "https://registry.npmjs.org/logger-for-yc-functions/-/logger-for-yc-functions-1.1.0.tgz",
      "integrity": "sha512-srmK6n73M6ud2QYTP3eyWQli2M9t3oKYAboHspSdZS/wjJ2VD501YgWC6hVUYQFboxIH5y3+1lgYbxibBnjQYg=="
    },
    "node_modules/map-o": {
      "version": "2.0.10",
      "resolved": "https://registry.npmjs.org/map-o/-/map-o-2.0.10.tgz",
      "integrity": "sha512-BxazE81fVByHWasyXhqKeo2m7bFKYu+ZbEfiuexMOnklXW+tzDvnlTi/JaklEeuuwqcqJzPaf9q+TWptSGXeLg==",
      "dependencies": {
        "iterate-object": "^1.3.0"
      }
    },
    "node_modules/mime-db": {
      "version": "1.52.0",
      "resolved": "https://registry.npmjs.org/mime-db/-/mime-db-1.52.0.tgz",
      "integrity": "sha512-sPU4uV7dYlvtWJxwwxHD0PuihVNiE7TyAbQ5SWxDCB9mUYvOgroQOwYQQOKPJ8CIbE+1ETVlOoK1UC2nU3gYvg==",
      "engines": {
        "node": ">= 0.6"
      }
    },
    "node_modules/mime-types": {
      "version": "2.1.35",
      "resolved": "https://registry.npmjs.org/mime-types/-/mime-types-2.1.35.tgz",
      "integrity": "sha512-ZDY+bPm5zTTF+YpCrAU9nK0UgICYPT0QtT1NZWFv4s++TNkcgVaT0g6+4R2uI4MjQjzysHB1zxuWL50hzaeXiw==",
      "dependencies": {
        "mime-db": "1.52.0"
      },
      "engines": {
        "node": ">= 0.6"
      }
    },
    "node_modules/proxy-from-env": {
      "version": "1.1.0",
      "resolved": "https://registry.npmjs.org/proxy-from-env/-/proxy-from-env-1.1.0.tgz",
      "integrity": "sha512-D+zkORCbA9f1tdWRK0RaCR3GPv50cMxcrz4X8k5LTSUD1Dkw47mKJEZQNunItRTkWwgtaUSo1RVFRIG9ZXiFYg=="
    },
    "node_modules/word-wrap": {
      "version": "1.2.3",
      "resolved": "https://registry.npmjs.org/word-wrap/-/word-wrap-1.2.3.tgz",
      "integrity": "sha512-Hz/mrNwitNRh/HUAtM/VT/5VH+ygD6DV7mYKZAtHOrbs8U7lvPS6xf7EJKMF0uW1KJCl0H701g3ZGus+muE5vQ==",
      "engines": {
        "node": ">=0.10.0"
      }
    }
  }
}
